
Microsoft Visual Studio Solution File, Format Version 12.00
# Visual Studio 2013
VisualStudioVersion = 12.0.31101.0
MinimumVisualStudioVersion = 10.0.40219.1
Project("{FAE04EC0-301F-11D3-BF4B-00C04F79EFBC}") = "monarquia", "monarquia\monarquia.csproj", "{BD7068DD-7AB3-4E26-9859-809237F71922}"
EndProject
Project("{FAE04EC0-301F-11D3-BF4B-00C04F79EFBC}") = "test", "test\test.csproj", "{209500F8-2FB1-474C-81A4-2CB82BD16E23}"
EndProject
Project("{2150E333-8FDC-42A3-9474-1A3956D46DE8}") = "Solution Items", "Solution Items", "{88C7D700-83FE-45B6-8232-3871BDC4DCE4}"
	ProjectSection(SolutionItems) = preProject
		data\english-verbs\verbs.txt = data\english-verbs\verbs.txt
	EndProjectSection
EndProject
Global
	GlobalSection(SolutionConfigurationPlatforms) = preSolution
		Debug|x86 = Debug|x86
		Release|x86 = Release|x86
	EndGlobalSection
	GlobalSection(ProjectConfigurationPlatforms) = postSolution
		{BD7068DD-7AB3-4E26-9859-809237F71922}.Debug|x86.ActiveCfg = Debug|x86
		{BD7068DD-7AB3-4E26-9859-809237F71922}.Debug|x86.Build.0 = Debug|x86
		{BD7068DD-7AB3-4E26-9859-809237F71922}.Release|x86.ActiveCfg = Release|x86
		{BD7068DD-7AB3-4E26-9859-809237F71922}.Release|x86.Build.0 = Release|x86
		{209500F8-2FB1-474C-81A4-2CB82BD16E23}.Debug|x86.ActiveCfg = Debug|Any CPU
		{209500F8-2FB1-474C-81A4-2CB82BD16E23}.Debug|x86.Build.0 = Debug|Any CPU
		{209500F8-2FB1-474C-81A4-2CB82BD16E23}.Release|x86.ActiveCfg = Release|Any CPU
		{209500F8-2FB1-474C-81A4-2CB82BD16E23}.Release|x86.Build.0 = Release|Any CPU
	EndGlobalSection
	GlobalSection(SolutionProperties) = preSolution
		HideSolutionNode = FALSE
	EndGlobalSection
EndGlobal
